
Microsoft Visual Studio Solution File, Format Version 12.00
# Visual Studio Version 16
VisualStudioVersion = 16.0.32413.511
MinimumVisualStudioVersion = 10.0.40219.1
Project("{FAE04EC0-301F-11D3-BF4B-00C04F79EFBC}") = "Angry_Birds_WindowsFormsApp", "Angry_Birds_WindowsFormsApp\Angry_Birds_WindowsFormsApp.csproj", "{68A52B31-C2E2-44D1-A922-FC9E21F6DB38}"
EndProject
Global
	GlobalSection(SolutionConfigurationPlatforms) = preSolution
		Debug|Any CPU = Debug|Any CPU
		Release|Any CPU = Release|Any CPU
	EndGlobalSection
	GlobalSection(ProjectConfigurationPlatforms) = postSolution
		{68A52B31-C2E2-44D1-A922-FC9E21F6DB38}.Debug|Any CPU.ActiveCfg = Debug|Any CPU
		{68A52B31-C2E2-44D1-A922-FC9E21F6DB38}.Debug|Any CPU.Build.0 = Debug|Any CPU
		{68A52B31-C2E2-44D1-A922-FC9E21F6DB38}.Release|Any CPU.ActiveCfg = Release|Any CPU
		{68A52B31-C2E2-44D1-A922-FC9E21F6DB38}.Release|Any CPU.Build.0 = Release|Any CPU
	EndGlobalSection
	GlobalSection(SolutionProperties) = preSolution
		HideSolutionNode = FALSE
	EndGlobalSection
	GlobalSection(ExtensibilityGlobals) = postSolution
		SolutionGuid = {589300F4-A32B-45BD-9770-CB5CFF104DEC}
	EndGlobalSection
EndGlobal
